// !$*UTF8*$!
{
	archiveVersion = 1;
	classes = {
	};
	objectVersion = 56;
	objects = {

/* Begin PBXBuildFile section */
		07574E3C29FA5FA600450D07 /* CartViewModel.swift in Sources */ = {isa = PBXBuildFile; fileRef = 07574E3B29FA5FA600450D07 /* CartViewModel.swift */; };
		07574E3F29FA642F00450D07 /* ViewModifier.swift in Sources */ = {isa = PBXBuildFile; fileRef = 07574E3E29FA642F00450D07 /* ViewModifier.swift */; };
		07574E4129FA64B700450D07 /* CustomSection.swift in Sources */ = {isa = PBXBuildFile; fileRef = 07574E4029FA64B700450D07 /* CustomSection.swift */; };
		075ABEF429F5077000E3B700 /* AppleShopApp.swift in Sources */ = {isa = PBXBuildFile; fileRef = 075ABEF329F5077000E3B700 /* AppleShopApp.swift */; };
		075ABEF829F5077100E3B700 /* Assets.xcassets in Resources */ = {isa = PBXBuildFile; fileRef = 075ABEF729F5077100E3B700 /* Assets.xcassets */; };
		075ABEFB29F5077100E3B700 /* Preview Assets.xcassets in Resources */ = {isa = PBXBuildFile; fileRef = 075ABEFA29F5077100E3B700 /* Preview Assets.xcassets */; };
		075ABF0629F5080900E3B700 /* LoginView.swift in Sources */ = {isa = PBXBuildFile; fileRef = 075ABF0529F5080900E3B700 /* LoginView.swift */; };
		075ABF0D29F50C7700E3B700 /* CustomTextField.swift in Sources */ = {isa = PBXBuildFile; fileRef = 075ABF0C29F50C7700E3B700 /* CustomTextField.swift */; };
		075ABF0F29F50D4200E3B700 /* CustomSecureField.swift in Sources */ = {isa = PBXBuildFile; fileRef = 075ABF0E29F50D4200E3B700 /* CustomSecureField.swift */; };
		07855B1829F50F6100056CB3 /* Color.swift in Sources */ = {isa = PBXBuildFile; fileRef = 07855B1729F50F6100056CB3 /* Color.swift */; };
		07855B1C29F5119600056CB3 /* RegisterView.swift in Sources */ = {isa = PBXBuildFile; fileRef = 07855B1B29F5119600056CB3 /* RegisterView.swift */; };
		07855B1E29F513C900056CB3 /* LaunchAppView.swift in Sources */ = {isa = PBXBuildFile; fileRef = 07855B1D29F513C900056CB3 /* LaunchAppView.swift */; };
		07855B2329F5198C00056CB3 /* RootView.swift in Sources */ = {isa = PBXBuildFile; fileRef = 07855B2229F5198C00056CB3 /* RootView.swift */; };
		07855B2529F51A9D00056CB3 /* MainView.swift in Sources */ = {isa = PBXBuildFile; fileRef = 07855B2429F51A9D00056CB3 /* MainView.swift */; };
		07855B2829F51B7400056CB3 /* CoreDataManager.swift in Sources */ = {isa = PBXBuildFile; fileRef = 07855B2729F51B7400056CB3 /* CoreDataManager.swift */; };
		07855B2E29F51C8300056CB3 /* AppleShopProjectApp.xcdatamodeld in Sources */ = {isa = PBXBuildFile; fileRef = 07855B2C29F51C8300056CB3 /* AppleShopProjectApp.xcdatamodeld */; };
		07855B3429F51F1D00056CB3 /* DIManager.swift in Sources */ = {isa = PBXBuildFile; fileRef = 07855B3329F51F1D00056CB3 /* DIManager.swift */; };
		07855B3A29F526CF00056CB3 /* LocalizedError.swift in Sources */ = {isa = PBXBuildFile; fileRef = 07855B3929F526CF00056CB3 /* LocalizedError.swift */; };
		07855B3D29F528F200056CB3 /* RegisterViewModel.swift in Sources */ = {isa = PBXBuildFile; fileRef = 07855B3C29F528F200056CB3 /* RegisterViewModel.swift */; };
		07855B4029F52A9700056CB3 /* LoginViewModel.swift in Sources */ = {isa = PBXBuildFile; fileRef = 07855B3F29F52A9700056CB3 /* LoginViewModel.swift */; };
		07855B4829F5A82E00056CB3 /* DeviceService.swift in Sources */ = {isa = PBXBuildFile; fileRef = 07855B4729F5A82E00056CB3 /* DeviceService.swift */; };
		07855B4F29F5AEA700056CB3 /* MainViewModel.swift in Sources */ = {isa = PBXBuildFile; fileRef = 07855B4E29F5AEA700056CB3 /* MainViewModel.swift */; };
		07855B5129F5B07500056CB3 /* DeviceInfo.swift in Sources */ = {isa = PBXBuildFile; fileRef = 07855B5029F5B07500056CB3 /* DeviceInfo.swift */; };
		07855B5429F5B17900056CB3 /* DeviceInfoExtended.swift in Sources */ = {isa = PBXBuildFile; fileRef = 07855B5329F5B17900056CB3 /* DeviceInfoExtended.swift */; };
		07855B5729F5B25000056CB3 /* CartView.swift in Sources */ = {isa = PBXBuildFile; fileRef = 07855B5629F5B25000056CB3 /* CartView.swift */; };
		07855B5A29F5B40700056CB3 /* NavigationViewModel.swift in Sources */ = {isa = PBXBuildFile; fileRef = 07855B5929F5B40700056CB3 /* NavigationViewModel.swift */; };
		07855B5E29F5B43800056CB3 /* NavigationView.swift in Sources */ = {isa = PBXBuildFile; fileRef = 07855B5D29F5B43800056CB3 /* NavigationView.swift */; };
		07855B6129F5B4C500056CB3 /* KemInfoView.swift in Sources */ = {isa = PBXBuildFile; fileRef = 07855B6029F5B4C500056CB3 /* KemInfoView.swift */; };
		E7638B1A29F7C5E500F3E9E9 /* TextImageVStack.swift in Sources */ = {isa = PBXBuildFile; fileRef = E7638B1929F7C5E500F3E9E9 /* TextImageVStack.swift */; };
		E7638B2429F7F15000F3E9E9 /* DeviceInfoViewModel.swift in Sources */ = {isa = PBXBuildFile; fileRef = E7638B2329F7F15000F3E9E9 /* DeviceInfoViewModel.swift */; };
		E7638B2829FA987C00F3E9E9 /* LaunchScreen.storyboard in Resources */ = {isa = PBXBuildFile; fileRef = E7638B2729FA987C00F3E9E9 /* LaunchScreen.storyboard */; };
/* End PBXBuildFile section */

/* Begin PBXFileReference section */
		07574E3B29FA5FA600450D07 /* CartViewModel.swift */ = {isa = PBXFileReference; lastKnownFileType = sourcecode.swift; path = CartViewModel.swift; sourceTree = "<group>"; };
		07574E3E29FA642F00450D07 /* ViewModifier.swift */ = {isa = PBXFileReference; lastKnownFileType = sourcecode.swift; path = ViewModifier.swift; sourceTree = "<group>"; };
		07574E4029FA64B700450D07 /* CustomSection.swift */ = {isa = PBXFileReference; lastKnownFileType = sourcecode.swift; path = CustomSection.swift; sourceTree = "<group>"; };
		075ABEF029F5077000E3B700 /* AppleShop.app */ = {isa = PBXFileReference; explicitFileType = wrapper.application; includeInIndex = 0; path = AppleShop.app; sourceTree = BUILT_PRODUCTS_DIR; };
		075ABEF329F5077000E3B700 /* AppleShopApp.swift */ = {isa = PBXFileReference; lastKnownFileType = sourcecode.swift; path = AppleShopApp.swift; sourceTree = "<group>"; };
		075ABEF729F5077100E3B700 /* Assets.xcassets */ = {isa = PBXFileReference; lastKnownFileType = folder.assetcatalog; path = Assets.xcassets; sourceTree = "<group>"; };
		075ABEFA29F5077100E3B700 /* Preview Assets.xcassets */ = {isa = PBXFileReference; lastKnownFileType = folder.assetcatalog; path = "Preview Assets.xcassets"; sourceTree = "<group>"; };
		075ABF0529F5080900E3B700 /* LoginView.swift */ = {isa = PBXFileReference; lastKnownFileType = sourcecode.swift; path = LoginView.swift; sourceTree = "<group>"; };
		075ABF0C29F50C7700E3B700 /* CustomTextField.swift */ = {isa = PBXFileReference; lastKnownFileType = sourcecode.swift; path = CustomTextField.swift; sourceTree = "<group>"; };
		075ABF0E29F50D4200E3B700 /* CustomSecureField.swift */ = {isa = PBXFileReference; lastKnownFileType = sourcecode.swift; path = CustomSecureField.swift; sourceTree = "<group>"; };
		07855B1729F50F6100056CB3 /* Color.swift */ = {isa = PBXFileReference; lastKnownFileType = sourcecode.swift; path = Color.swift; sourceTree = "<group>"; };
		07855B1B29F5119600056CB3 /* RegisterView.swift */ = {isa = PBXFileReference; lastKnownFileType = sourcecode.swift; path = RegisterView.swift; sourceTree = "<group>"; };
		07855B1D29F513C900056CB3 /* LaunchAppView.swift */ = {isa = PBXFileReference; lastKnownFileType = sourcecode.swift; path = LaunchAppView.swift; sourceTree = "<group>"; };
		07855B2229F5198C00056CB3 /* RootView.swift */ = {isa = PBXFileReference; lastKnownFileType = sourcecode.swift; path = RootView.swift; sourceTree = "<group>"; };
		07855B2429F51A9D00056CB3 /* MainView.swift */ = {isa = PBXFileReference; lastKnownFileType = sourcecode.swift; path = MainView.swift; sourceTree = "<group>"; };
		07855B2729F51B7400056CB3 /* CoreDataManager.swift */ = {isa = PBXFileReference; lastKnownFileType = sourcecode.swift; path = CoreDataManager.swift; sourceTree = "<group>"; };
		07855B2D29F51C8300056CB3 /* AppleShopProjectApp.xcdatamodel */ = {isa = PBXFileReference; lastKnownFileType = wrapper.xcdatamodel; path = AppleShopProjectApp.xcdatamodel; sourceTree = "<group>"; };
		07855B3329F51F1D00056CB3 /* DIManager.swift */ = {isa = PBXFileReference; lastKnownFileType = sourcecode.swift; path = DIManager.swift; sourceTree = "<group>"; };
		07855B3929F526CF00056CB3 /* LocalizedError.swift */ = {isa = PBXFileReference; lastKnownFileType = sourcecode.swift; path = LocalizedError.swift; sourceTree = "<group>"; };
		07855B3C29F528F200056CB3 /* RegisterViewModel.swift */ = {isa = PBXFileReference; lastKnownFileType = sourcecode.swift; path = RegisterViewModel.swift; sourceTree = "<group>"; };
		07855B3F29F52A9700056CB3 /* LoginViewModel.swift */ = {isa = PBXFileReference; lastKnownFileType = sourcecode.swift; path = LoginViewModel.swift; sourceTree = "<group>"; };
		07855B4729F5A82E00056CB3 /* DeviceService.swift */ = {isa = PBXFileReference; lastKnownFileType = sourcecode.swift; path = DeviceService.swift; sourceTree = "<group>"; };
		07855B4E29F5AEA700056CB3 /* MainViewModel.swift */ = {isa = PBXFileReference; lastKnownFileType = sourcecode.swift; path = MainViewModel.swift; sourceTree = "<group>"; };
		07855B5029F5B07500056CB3 /* DeviceInfo.swift */ = {isa = PBXFileReference; lastKnownFileType = sourcecode.swift; path = DeviceInfo.swift; sourceTree = "<group>"; };
		07855B5329F5B17900056CB3 /* DeviceInfoExtended.swift */ = {isa = PBXFileReference; lastKnownFileType = sourcecode.swift; path = DeviceInfoExtended.swift; sourceTree = "<group>"; };
		07855B5629F5B25000056CB3 /* CartView.swift */ = {isa = PBXFileReference; lastKnownFileType = sourcecode.swift; path = CartView.swift; sourceTree = "<group>"; };
		07855B5929F5B40700056CB3 /* NavigationViewModel.swift */ = {isa = PBXFileReference; lastKnownFileType = sourcecode.swift; path = NavigationViewModel.swift; sourceTree = "<group>"; };
		07855B5D29F5B43800056CB3 /* NavigationView.swift */ = {isa = PBXFileReference; lastKnownFileType = sourcecode.swift; path = NavigationView.swift; sourceTree = "<group>"; };
		07855B6029F5B4C500056CB3 /* KemInfoView.swift */ = {isa = PBXFileReference; lastKnownFileType = sourcecode.swift; path = KemInfoView.swift; sourceTree = "<group>"; };
		E7638B1929F7C5E500F3E9E9 /* TextImageVStack.swift */ = {isa = PBXFileReference; lastKnownFileType = sourcecode.swift; path = TextImageVStack.swift; sourceTree = "<group>"; };
		E7638B2329F7F15000F3E9E9 /* DeviceInfoViewModel.swift */ = {isa = PBXFileReference; lastKnownFileType = sourcecode.swift; path = DeviceInfoViewModel.swift; sourceTree = "<group>"; };
		E7638B2729FA987C00F3E9E9 /* LaunchScreen.storyboard */ = {isa = PBXFileReference; lastKnownFileType = file.storyboard; path = LaunchScreen.storyboard; sourceTree = "<group>"; };
/* End PBXFileReference section */

/* Begin PBXFrameworksBuildPhase section */
		075ABEED29F5077000E3B700 /* Frameworks */ = {
			isa = PBXFrameworksBuildPhase;
			buildActionMask = 2147483647;
			files = (
			);
			runOnlyForDeploymentPostprocessing = 0;
		};
/* End PBXFrameworksBuildPhase section */

/* Begin PBXGroup section */
		07574E3929FA5F9600450D07 /* ViewModel */ = {
			isa = PBXGroup;
			children = (
				07574E3B29FA5FA600450D07 /* CartViewModel.swift */,
			);
			path = ViewModel;
			sourceTree = "<group>";
		};
		07574E3A29FA5F9C00450D07 /* View */ = {
			isa = PBXGroup;
			children = (
				07855B5629F5B25000056CB3 /* CartView.swift */,
			);
			path = View;
			sourceTree = "<group>";
		};
		07574E3D29FA642300450D07 /* Modifiers */ = {
			isa = PBXGroup;
			children = (
				07574E3E29FA642F00450D07 /* ViewModifier.swift */,
			);
			path = Modifiers;
			sourceTree = "<group>";
		};
		075ABEE729F5077000E3B700 = {
			isa = PBXGroup;
			children = (
				075ABEF229F5077000E3B700 /* AppleShop */,
				075ABEF129F5077000E3B700 /* Products */,
			);
			sourceTree = "<group>";
		};
		075ABEF129F5077000E3B700 /* Products */ = {
			isa = PBXGroup;
			children = (
				075ABEF029F5077000E3B700 /* AppleShop.app */,
			);
			name = Products;
			sourceTree = "<group>";
		};
		075ABEF229F5077000E3B700 /* AppleShop */ = {
			isa = PBXGroup;
			children = (
				075ABEF329F5077000E3B700 /* AppleShopApp.swift */,
				075ABF0829F50C3200E3B700 /* Resources */,
				07855B2629F51B6400056CB3 /* Sources */,
				075ABF0129F507AE00E3B700 /* Views */,
				075ABEF729F5077100E3B700 /* Assets.xcassets */,
				075ABEF929F5077100E3B700 /* Preview Content */,
				07855B2C29F51C8300056CB3 /* AppleShopProjectApp.xcdatamodeld */,
			);
			path = AppleShop;
			sourceTree = "<group>";
		};
		075ABEF929F5077100E3B700 /* Preview Content */ = {
			isa = PBXGroup;
			children = (
				075ABEFA29F5077100E3B700 /* Preview Assets.xcassets */,
			);
			path = "Preview Content";
			sourceTree = "<group>";
		};
		075ABF0129F507AE00E3B700 /* Views */ = {
			isa = PBXGroup;
			children = (
				07855B2229F5198C00056CB3 /* RootView.swift */,
				075ABF0229F507B900E3B700 /* Launch */,
				075ABF0329F507BF00E3B700 /* Core */,
				E7638B2729FA987C00F3E9E9 /* LaunchScreen.storyboard */,
			);
			path = Views;
			sourceTree = "<group>";
		};
		075ABF0229F507B900E3B700 /* Launch */ = {
			isa = PBXGroup;
			children = (
				07855B1D29F513C900056CB3 /* LaunchAppView.swift */,
				075ABF0429F507DC00E3B700 /* Login */,
				07855B1A29F5118500056CB3 /* Register */,
			);
			path = Launch;
			sourceTree = "<group>";
		};
		075ABF0329F507BF00E3B700 /* Core */ = {
			isa = PBXGroup;
			children = (
				07855B5F29F5B4B200056CB3 /* Info */,
				07855B5829F5B3D800056CB3 /* NavigationView */,
				07855B4B29F5AE8F00056CB3 /* Main */,
				07855B5229F5B15600056CB3 /* Device */,
				07855B5529F5B24100056CB3 /* Cart */,
			);
			path = Core;
			sourceTree = "<group>";
		};
		075ABF0429F507DC00E3B700 /* Login */ = {
			isa = PBXGroup;
			children = (
				07855B4229F52A9E00056CB3 /* ViewModel */,
				07855B4129F52A9A00056CB3 /* View */,
			);
			path = Login;
			sourceTree = "<group>";
		};
		075ABF0829F50C3200E3B700 /* Resources */ = {
			isa = PBXGroup;
			children = (
				07574E3D29FA642300450D07 /* Modifiers */,
				07855B1629F50F5700056CB3 /* Extensions */,
				075ABF0929F50C4400E3B700 /* ViewComponents */,
			);
			path = Resources;
			sourceTree = "<group>";
		};
		075ABF0929F50C4400E3B700 /* ViewComponents */ = {
			isa = PBXGroup;
			children = (
				075ABF0C29F50C7700E3B700 /* CustomTextField.swift */,
				075ABF0E29F50D4200E3B700 /* CustomSecureField.swift */,
				E7638B1929F7C5E500F3E9E9 /* TextImageVStack.swift */,
				07574E4029FA64B700450D07 /* CustomSection.swift */,
			);
			path = ViewComponents;
			sourceTree = "<group>";
		};
		07855B1629F50F5700056CB3 /* Extensions */ = {
			isa = PBXGroup;
			children = (
				07855B1729F50F6100056CB3 /* Color.swift */,
				07855B3929F526CF00056CB3 /* LocalizedError.swift */,
			);
			path = Extensions;
			sourceTree = "<group>";
		};
		07855B1A29F5118500056CB3 /* Register */ = {
			isa = PBXGroup;
			children = (
				07855B3B29F528EC00056CB3 /* ViewModel */,
				07855B3E29F52A8500056CB3 /* View */,
			);
			path = Register;
			sourceTree = "<group>";
		};
		07855B2629F51B6400056CB3 /* Sources */ = {
			isa = PBXGroup;
			children = (
				07855B3529F51F2000056CB3 /* Managers */,
				07855B4529F5A81E00056CB3 /* Services */,
			);
			path = Sources;
			sourceTree = "<group>";
		};
		07855B3529F51F2000056CB3 /* Managers */ = {
			isa = PBXGroup;
			children = (
				07855B3329F51F1D00056CB3 /* DIManager.swift */,
				07855B2729F51B7400056CB3 /* CoreDataManager.swift */,
			);
			path = Managers;
			sourceTree = "<group>";
		};
		07855B3B29F528EC00056CB3 /* ViewModel */ = {
			isa = PBXGroup;
			children = (
				07855B3C29F528F200056CB3 /* RegisterViewModel.swift */,
			);
			path = ViewModel;
			sourceTree = "<group>";
		};
		07855B3E29F52A8500056CB3 /* View */ = {
			isa = PBXGroup;
			children = (
				07855B1B29F5119600056CB3 /* RegisterView.swift */,
			);
			path = View;
			sourceTree = "<group>";
		};
		07855B4129F52A9A00056CB3 /* View */ = {
			isa = PBXGroup;
			children = (
				075ABF0529F5080900E3B700 /* LoginView.swift */,
			);
			path = View;
			sourceTree = "<group>";
		};
		07855B4229F52A9E00056CB3 /* ViewModel */ = {
			isa = PBXGroup;
			children = (
				07855B3F29F52A9700056CB3 /* LoginViewModel.swift */,
			);
			path = ViewModel;
			sourceTree = "<group>";
		};
		07855B4529F5A81E00056CB3 /* Services */ = {
			isa = PBXGroup;
			children = (
				07855B4729F5A82E00056CB3 /* DeviceService.swift */,
			);
			path = Services;
			sourceTree = "<group>";
		};
		07855B4B29F5AE8F00056CB3 /* Main */ = {
			isa = PBXGroup;
			children = (
				07855B4C29F5AE9500056CB3 /* ViewModel */,
				07855B4D29F5AE9B00056CB3 /* View */,
			);
			path = Main;
			sourceTree = "<group>";
		};
		07855B4C29F5AE9500056CB3 /* ViewModel */ = {
			isa = PBXGroup;
			children = (
				07855B4E29F5AEA700056CB3 /* MainViewModel.swift */,
			);
			path = ViewModel;
			sourceTree = "<group>";
		};
		07855B4D29F5AE9B00056CB3 /* View */ = {
			isa = PBXGroup;
			children = (
				07855B2429F51A9D00056CB3 /* MainView.swift */,
			);
			path = View;
			sourceTree = "<group>";
		};
		07855B5229F5B15600056CB3 /* Device */ = {
			isa = PBXGroup;
			children = (
				E7638B2229F7F13900F3E9E9 /* ViewModel */,
				E7638B2129F7F12B00F3E9E9 /* View */,
			);
			path = Device;
			sourceTree = "<group>";
		};
		07855B5529F5B24100056CB3 /* Cart */ = {
			isa = PBXGroup;
			children = (
				07574E3929FA5F9600450D07 /* ViewModel */,
				07574E3A29FA5F9C00450D07 /* View */,
			);
			path = Cart;
			sourceTree = "<group>";
		};
		07855B5829F5B3D800056CB3 /* NavigationView */ = {
			isa = PBXGroup;
			children = (
				07855B5C29F5B42C00056CB3 /* ViewModel */,
				07855B5B29F5B42800056CB3 /* View */,
			);
			path = NavigationView;
			sourceTree = "<group>";
		};
		07855B5B29F5B42800056CB3 /* View */ = {
			isa = PBXGroup;
			children = (
				07855B5D29F5B43800056CB3 /* NavigationView.swift */,
			);
			path = View;
			sourceTree = "<group>";
		};
		07855B5C29F5B42C00056CB3 /* ViewModel */ = {
			isa = PBXGroup;
			children = (
				07855B5929F5B40700056CB3 /* NavigationViewModel.swift */,
			);
			path = ViewModel;
			sourceTree = "<group>";
		};
		07855B5F29F5B4B200056CB3 /* Info */ = {
			isa = PBXGroup;
			children = (
				07855B6029F5B4C500056CB3 /* KemInfoView.swift */,
			);
			path = Info;
			sourceTree = "<group>";
		};
		E7638B2129F7F12B00F3E9E9 /* View */ = {
			isa = PBXGroup;
			children = (
				07855B5029F5B07500056CB3 /* DeviceInfo.swift */,
				07855B5329F5B17900056CB3 /* DeviceInfoExtended.swift */,
			);
			path = View;
			sourceTree = "<group>";
		};
		E7638B2229F7F13900F3E9E9 /* ViewModel */ = {
			isa = PBXGroup;
			children = (
				E7638B2329F7F15000F3E9E9 /* DeviceInfoViewModel.swift */,
			);
			path = ViewModel;
			sourceTree = "<group>";
		};
/* End PBXGroup section */

/* Begin PBXNativeTarget section */
		075ABEEF29F5077000E3B700 /* AppleShop */ = {
			isa = PBXNativeTarget;
			buildConfigurationList = 075ABEFE29F5077100E3B700 /* Build configuration list for PBXNativeTarget "AppleShop" */;
			buildPhases = (
				075ABEEC29F5077000E3B700 /* Sources */,
				075ABEED29F5077000E3B700 /* Frameworks */,
				075ABEEE29F5077000E3B700 /* Resources */,
			);
			buildRules = (
			);
			dependencies = (
			);
			name = AppleShop;
			productName = AppleShop;
			productReference = 075ABEF029F5077000E3B700 /* AppleShop.app */;
			productType = "com.apple.product-type.application";
		};
/* End PBXNativeTarget section */

/* Begin PBXProject section */
		075ABEE829F5077000E3B700 /* Project object */ = {
			isa = PBXProject;
			attributes = {
				BuildIndependentTargetsInParallel = 1;
				LastSwiftUpdateCheck = 1420;
				LastUpgradeCheck = 1420;
				TargetAttributes = {
					075ABEEF29F5077000E3B700 = {
						CreatedOnToolsVersion = 14.2;
					};
				};
			};
			buildConfigurationList = 075ABEEB29F5077000E3B700 /* Build configuration list for PBXProject "AppleShop" */;
			compatibilityVersion = "Xcode 14.0";
			developmentRegion = en;
			hasScannedForEncodings = 0;
			knownRegions = (
				en,
				Base,
			);
			mainGroup = 075ABEE729F5077000E3B700;
			productRefGroup = 075ABEF129F5077000E3B700 /* Products */;
			projectDirPath = "";
			projectRoot = "";
			targets = (
				075ABEEF29F5077000E3B700 /* AppleShop */,
			);
		};
/* End PBXProject section */

/* Begin PBXResourcesBuildPhase section */
		075ABEEE29F5077000E3B700 /* Resources */ = {
			isa = PBXResourcesBuildPhase;
			buildActionMask = 2147483647;
			files = (
				E7638B2829FA987C00F3E9E9 /* LaunchScreen.storyboard in Resources */,
				075ABEFB29F5077100E3B700 /* Preview Assets.xcassets in Resources */,
				075ABEF829F5077100E3B700 /* Assets.xcassets in Resources */,
			);
			runOnlyForDeploymentPostprocessing = 0;
		};
/* End PBXResourcesBuildPhase section */

/* Begin PBXSourcesBuildPhase section */
		075ABEEC29F5077000E3B700 /* Sources */ = {
			isa = PBXSourcesBuildPhase;
			buildActionMask = 2147483647;
			files = (
				07855B3A29F526CF00056CB3 /* LocalizedError.swift in Sources */,
				075ABF0D29F50C7700E3B700 /* CustomTextField.swift in Sources */,
				075ABF0629F5080900E3B700 /* LoginView.swift in Sources */,
				07855B3D29F528F200056CB3 /* RegisterViewModel.swift in Sources */,
				E7638B2429F7F15000F3E9E9 /* DeviceInfoViewModel.swift in Sources */,
				075ABF0F29F50D4200E3B700 /* CustomSecureField.swift in Sources */,
				E7638B1A29F7C5E500F3E9E9 /* TextImageVStack.swift in Sources */,
				07855B2529F51A9D00056CB3 /* MainView.swift in Sources */,
				07855B5729F5B25000056CB3 /* CartView.swift in Sources */,
				07855B5A29F5B40700056CB3 /* NavigationViewModel.swift in Sources */,
				07574E4129FA64B700450D07 /* CustomSection.swift in Sources */,
				07574E3C29FA5FA600450D07 /* CartViewModel.swift in Sources */,
				07855B6129F5B4C500056CB3 /* KemInfoView.swift in Sources */,
				07574E3F29FA642F00450D07 /* ViewModifier.swift in Sources */,
				07855B1C29F5119600056CB3 /* RegisterView.swift in Sources */,
				07855B5429F5B17900056CB3 /* DeviceInfoExtended.swift in Sources */,
				07855B5E29F5B43800056CB3 /* NavigationView.swift in Sources */,
				07855B2329F5198C00056CB3 /* RootView.swift in Sources */,
				07855B4829F5A82E00056CB3 /* DeviceService.swift in Sources */,
				07855B4029F52A9700056CB3 /* LoginViewModel.swift in Sources */,
				07855B1E29F513C900056CB3 /* LaunchAppView.swift in Sources */,
				07855B2E29F51C8300056CB3 /* AppleShopProjectApp.xcdatamodeld in Sources */,
				07855B4F29F5AEA700056CB3 /* MainViewModel.swift in Sources */,
				075ABEF429F5077000E3B700 /* AppleShopApp.swift in Sources */,
				07855B1829F50F6100056CB3 /* Color.swift in Sources */,
				07855B3429F51F1D00056CB3 /* DIManager.swift in Sources */,
				07855B2829F51B7400056CB3 /* CoreDataManager.swift in Sources */,
				07855B5129F5B07500056CB3 /* DeviceInfo.swift in Sources */,
			);
			runOnlyForDeploymentPostprocessing = 0;
		};
/* End PBXSourcesBuildPhase section */

/* Begin XCBuildConfiguration section */
		075ABEFC29F5077100E3B700 /* Debug */ = {
			isa = XCBuildConfiguration;
			buildSettings = {
				ALWAYS_SEARCH_USER_PATHS = NO;
				CLANG_ANALYZER_NONNULL = YES;
				CLANG_ANALYZER_NUMBER_OBJECT_CONVERSION = YES_AGGRESSIVE;
				CLANG_CXX_LANGUAGE_STANDARD = "gnu++20";
				CLANG_ENABLE_MODULES = YES;
				CLANG_ENABLE_OBJC_ARC = YES;
				CLANG_ENABLE_OBJC_WEAK = YES;
				CLANG_WARN_BLOCK_CAPTURE_AUTORELEASING = YES;
				CLANG_WARN_BOOL_CONVERSION = YES;
				CLANG_WARN_COMMA = YES;
				CLANG_WARN_CONSTANT_CONVERSION = YES;
				CLANG_WARN_DEPRECATED_OBJC_IMPLEMENTATIONS = YES;
				CLANG_WARN_DIRECT_OBJC_ISA_USAGE = YES_ERROR;
				CLANG_WARN_DOCUMENTATION_COMMENTS = YES;
				CLANG_WARN_EMPTY_BODY = YES;
				CLANG_WARN_ENUM_CONVERSION = YES;
				CLANG_WARN_INFINITE_RECURSION = YES;
				CLANG_WARN_INT_CONVERSION = YES;
				CLANG_WARN_NON_LITERAL_NULL_CONVERSION = YES;
				CLANG_WARN_OBJC_IMPLICIT_RETAIN_SELF = YES;
				CLANG_WARN_OBJC_LITERAL_CONVERSION = YES;
				CLANG_WARN_OBJC_ROOT_CLASS = YES_ERROR;
				CLANG_WARN_QUOTED_INCLUDE_IN_FRAMEWORK_HEADER = YES;
				CLANG_WARN_RANGE_LOOP_ANALYSIS = YES;
				CLANG_WARN_STRICT_PROTOTYPES = YES;
				CLANG_WARN_SUSPICIOUS_MOVE = YES;
				CLANG_WARN_UNGUARDED_AVAILABILITY = YES_AGGRESSIVE;
				CLANG_WARN_UNREACHABLE_CODE = YES;
				CLANG_WARN__DUPLICATE_METHOD_MATCH = YES;
				COPY_PHASE_STRIP = NO;
				DEBUG_INFORMATION_FORMAT = dwarf;
				ENABLE_STRICT_OBJC_MSGSEND = YES;
				ENABLE_TESTABILITY = YES;
				GCC_C_LANGUAGE_STANDARD = gnu11;
				GCC_DYNAMIC_NO_PIC = NO;
				GCC_NO_COMMON_BLOCKS = YES;
				GCC_OPTIMIZATION_LEVEL = 0;
				GCC_PREPROCESSOR_DEFINITIONS = (
					"DEBUG=1",
					"$(inherited)",
				);
				GCC_WARN_64_TO_32_BIT_CONVERSION = YES;
				GCC_WARN_ABOUT_RETURN_TYPE = YES_ERROR;
				GCC_WARN_UNDECLARED_SELECTOR = YES;
				GCC_WARN_UNINITIALIZED_AUTOS = YES_AGGRESSIVE;
				GCC_WARN_UNUSED_FUNCTION = YES;
				GCC_WARN_UNUSED_VARIABLE = YES;
				IPHONEOS_DEPLOYMENT_TARGET = 16.2;
				MTL_ENABLE_DEBUG_INFO = INCLUDE_SOURCE;
				MTL_FAST_MATH = YES;
				ONLY_ACTIVE_ARCH = YES;
				SDKROOT = iphoneos;
				SWIFT_ACTIVE_COMPILATION_CONDITIONS = DEBUG;
				SWIFT_OPTIMIZATION_LEVEL = "-Onone";
			};
			name = Debug;
		};
		075ABEFD29F5077100E3B700 /* Release */ = {
			isa = XCBuildConfiguration;
			buildSettings = {
				ALWAYS_SEARCH_USER_PATHS = NO;
				CLANG_ANALYZER_NONNULL = YES;
				CLANG_ANALYZER_NUMBER_OBJECT_CONVERSION = YES_AGGRESSIVE;
				CLANG_CXX_LANGUAGE_STANDARD = "gnu++20";
				CLANG_ENABLE_MODULES = YES;
				CLANG_ENABLE_OBJC_ARC = YES;
				CLANG_ENABLE_OBJC_WEAK = YES;
				CLANG_WARN_BLOCK_CAPTURE_AUTORELEASING = YES;
				CLANG_WARN_BOOL_CONVERSION = YES;
				CLANG_WARN_COMMA = YES;
				CLANG_WARN_CONSTANT_CONVERSION = YES;
				CLANG_WARN_DEPRECATED_OBJC_IMPLEMENTATIONS = YES;
				CLANG_WARN_DIRECT_OBJC_ISA_USAGE = YES_ERROR;
				CLANG_WARN_DOCUMENTATION_COMMENTS = YES;
				CLANG_WARN_EMPTY_BODY = YES;
				CLANG_WARN_ENUM_CONVERSION = YES;
				CLANG_WARN_INFINITE_RECURSION = YES;
				CLANG_WARN_INT_CONVERSION = YES;
				CLANG_WARN_NON_LITERAL_NULL_CONVERSION = YES;
				CLANG_WARN_OBJC_IMPLICIT_RETAIN_SELF = YES;
				CLANG_WARN_OBJC_LITERAL_CONVERSION = YES;
				CLANG_WARN_OBJC_ROOT_CLASS = YES_ERROR;
				CLANG_WARN_QUOTED_INCLUDE_IN_FRAMEWORK_HEADER = YES;
				CLANG_WARN_RANGE_LOOP_ANALYSIS = YES;
				CLANG_WARN_STRICT_PROTOTYPES = YES;
				CLANG_WARN_SUSPICIOUS_MOVE = YES;
				CLANG_WARN_UNGUARDED_AVAILABILITY = YES_AGGRESSIVE;
				CLANG_WARN_UNREACHABLE_CODE = YES;
				CLANG_WARN__DUPLICATE_METHOD_MATCH = YES;
				COPY_PHASE_STRIP = NO;
				DEBUG_INFORMATION_FORMAT = "dwarf-with-dsym";
				ENABLE_NS_ASSERTIONS = NO;
				ENABLE_STRICT_OBJC_MSGSEND = YES;
				GCC_C_LANGUAGE_STANDARD = gnu11;
				GCC_NO_COMMON_BLOCKS = YES;
				GCC_WARN_64_TO_32_BIT_CONVERSION = YES;
				GCC_WARN_ABOUT_RETURN_TYPE = YES_ERROR;
				GCC_WARN_UNDECLARED_SELECTOR = YES;
				GCC_WARN_UNINITIALIZED_AUTOS = YES_AGGRESSIVE;
				GCC_WARN_UNUSED_FUNCTION = YES;
				GCC_WARN_UNUSED_VARIABLE = YES;
				IPHONEOS_DEPLOYMENT_TARGET = 16.2;
				MTL_ENABLE_DEBUG_INFO = NO;
				MTL_FAST_MATH = YES;
				SDKROOT = iphoneos;
				SWIFT_COMPILATION_MODE = wholemodule;
				SWIFT_OPTIMIZATION_LEVEL = "-O";
				VALIDATE_PRODUCT = YES;
			};
			name = Release;
		};
		075ABEFF29F5077100E3B700 /* Debug */ = {
			isa = XCBuildConfiguration;
			buildSettings = {
				ASSETCATALOG_COMPILER_APPICON_NAME = AppIcon;
				ASSETCATALOG_COMPILER_GLOBAL_ACCENT_COLOR_NAME = AccentColor;
				CODE_SIGN_STYLE = Automatic;
				CURRENT_PROJECT_VERSION = 1;
				DEVELOPMENT_ASSET_PATHS = "\"AppleShop/Preview Content\"";
				DEVELOPMENT_TEAM = SPT5T455X5;
				ENABLE_PREVIEWS = YES;
				GENERATE_INFOPLIST_FILE = YES;
				INFOPLIST_KEY_CFBundleDisplayName = "Apple Shop";
				INFOPLIST_KEY_LSApplicationCategoryType = "public.app-category.shopping";
				INFOPLIST_KEY_UIApplicationSceneManifest_Generation = YES;
				INFOPLIST_KEY_UIApplicationSupportsIndirectInputEvents = YES;
				INFOPLIST_KEY_UILaunchScreen_Generation = YES;
				INFOPLIST_KEY_UILaunchStoryboardName = LaunchScreen.storyboard;
				INFOPLIST_KEY_UISupportedInterfaceOrientations_iPad = "UIInterfaceOrientationPortrait UIInterfaceOrientationPortraitUpsideDown UIInterfaceOrientationLandscapeLeft UIInterfaceOrientationLandscapeRight";
				INFOPLIST_KEY_UISupportedInterfaceOrientations_iPhone = "UIInterfaceOrientationPortrait UIInterfaceOrientationLandscapeLeft UIInterfaceOrientationLandscapeRight";
				LD_RUNPATH_SEARCH_PATHS = (
					"$(inherited)",
					"@executable_path/Frameworks",
				);
				MARKETING_VERSION = 1.0;
				PRODUCT_BUNDLE_IDENTIFIER = toomaasens.AppleShop;
				PRODUCT_NAME = "$(TARGET_NAME)";
				SWIFT_EMIT_LOC_STRINGS = YES;
				SWIFT_VERSION = 5.0;
				TARGETED_DEVICE_FAMILY = "1,2";
			};
			name = Debug;
		};
		075ABF0029F5077100E3B700 /* Release */ = {
			isa = XCBuildConfiguration;
			buildSettings = {
				ASSETCATALOG_COMPILER_APPICON_NAME = AppIcon;
				ASSETCATALOG_COMPILER_GLOBAL_ACCENT_COLOR_NAME = AccentColor;
				CODE_SIGN_STYLE = Automatic;
				CURRENT_PROJECT_VERSION = 1;
				DEVELOPMENT_ASSET_PATHS = "\"AppleShop/Preview Content\"";
				DEVELOPMENT_TEAM = SPT5T455X5;
				ENABLE_PREVIEWS = YES;
				GENERATE_INFOPLIST_FILE = YES;
				INFOPLIST_KEY_CFBundleDisplayName = "Apple Shop";
				INFOPLIST_KEY_LSApplicationCategoryType = "public.app-category.shopping";
				INFOPLIST_KEY_UIApplicationSceneManifest_Generation = YES;
				INFOPLIST_KEY_UIApplicationSupportsIndirectInputEvents = YES;
				INFOPLIST_KEY_UILaunchScreen_Generation = YES;
				INFOPLIST_KEY_UILaunchStoryboardName = LaunchScreen.storyboard;
				INFOPLIST_KEY_UISupportedInterfaceOrientations_iPad = "UIInterfaceOrientationPortrait UIInterfaceOrientationPortraitUpsideDown UIInterfaceOrientationLandscapeLeft UIInterfaceOrientationLandscapeRight";
				INFOPLIST_KEY_UISupportedInterfaceOrientations_iPhone = "UIInterfaceOrientationPortrait UIInterfaceOrientationLandscapeLeft UIInterfaceOrientationLandscapeRight";
				LD_RUNPATH_SEARCH_PATHS = (
					"$(inherited)",
					"@executable_path/Frameworks",
				);
				MARKETING_VERSION = 1.0;
				PRODUCT_BUNDLE_IDENTIFIER = toomaasens.AppleShop;
				PRODUCT_NAME = "$(TARGET_NAME)";
				SWIFT_EMIT_LOC_STRINGS = YES;
				SWIFT_VERSION = 5.0;
				TARGETED_DEVICE_FAMILY = "1,2";
			};
			name = Release;
		};
/* End XCBuildConfiguration section */

/* Begin XCConfigurationList section */
		075ABEEB29F5077000E3B700 /* Build configuration list for PBXProject "AppleShop" */ = {
			isa = XCConfigurationList;
			buildConfigurations = (
				075ABEFC29F5077100E3B700 /* Debug */,
				075ABEFD29F5077100E3B700 /* Release */,
			);
			defaultConfigurationIsVisible = 0;
			defaultConfigurationName = Release;
		};
		075ABEFE29F5077100E3B700 /* Build configuration list for PBXNativeTarget "AppleShop" */ = {
			isa = XCConfigurationList;
			buildConfigurations = (
				075ABEFF29F5077100E3B700 /* Debug */,
				075ABF0029F5077100E3B700 /* Release */,
			);
			defaultConfigurationIsVisible = 0;
			defaultConfigurationName = Release;
		};
/* End XCConfigurationList section */

/* Begin XCVersionGroup section */
		07855B2C29F51C8300056CB3 /* AppleShopProjectApp.xcdatamodeld */ = {
			isa = XCVersionGroup;
			children = (
				07855B2D29F51C8300056CB3 /* AppleShopProjectApp.xcdatamodel */,
			);
			currentVersion = 07855B2D29F51C8300056CB3 /* AppleShopProjectApp.xcdatamodel */;
			path = AppleShopProjectApp.xcdatamodeld;
			sourceTree = "<group>";
			versionGroupType = wrapper.xcdatamodel;
		};
/* End XCVersionGroup section */
	};
	rootObject = 075ABEE829F5077000E3B700 /* Project object */;
}
